
Microsoft Visual Studio Solution File, Format Version 12.00
# Visual Studio Version 17
VisualStudioVersion = 17.14.36414.22
MinimumVisualStudioVersion = 10.0.40219.1
Project("{FAE04EC0-301F-11D3-BF4B-00C04F79EFBC}") = "FabricationSample", "FabricationSample.csproj", "{2589D739-54EE-4762-8BA2-F5F882F092FB}"
EndProject
Project("{54435603-DBB4-11D2-8724-00A0C9A8B90C}") = "Installer", "Installer\Installer\Installer.vdproj", "{1B37EB25-2BE5-1B51-EED5-CC635B6A1FDA}"
EndProject
Global
	GlobalSection(SolutionConfigurationPlatforms) = preSolution
		Debug|x64 = Debug|x64
		Release|x64 = Release|x64
	EndGlobalSection
	GlobalSection(ProjectConfigurationPlatforms) = postSolution
		{2589D739-54EE-4762-8BA2-F5F882F092FB}.Debug|x64.ActiveCfg = Debug|x64
		{2589D739-54EE-4762-8BA2-F5F882F092FB}.Debug|x64.Build.0 = Debug|x64
		{2589D739-54EE-4762-8BA2-F5F882F092FB}.Release|x64.ActiveCfg = Release|x64
		{2589D739-54EE-4762-8BA2-F5F882F092FB}.Release|x64.Build.0 = Release|x64
		{1B37EB25-2BE5-1B51-EED5-CC635B6A1FDA}.Debug|x64.ActiveCfg = Debug
		{1B37EB25-2BE5-1B51-EED5-CC635B6A1FDA}.Release|x64.ActiveCfg = Release
		{1B37EB25-2BE5-1B51-EED5-CC635B6A1FDA}.Release|x64.Build.0 = Release
	EndGlobalSection
	GlobalSection(SolutionProperties) = preSolution
		HideSolutionNode = FALSE
	EndGlobalSection
	GlobalSection(ExtensibilityGlobals) = postSolution
		SolutionGuid = {6E123ABA-4EFC-48CE-BE7F-98876344EB63}
	EndGlobalSection
EndGlobal
